
Microsoft Visual Studio Solution File, Format Version 12.00
# Visual Studio Version 17
VisualStudioVersion = 17.4.33103.184
MinimumVisualStudioVersion = 10.0.40219.1
Project("{FAE04EC0-301F-11D3-BF4B-00C04F79EFBC}") = "method task", "method task\method task.csproj", "{58C4B5CF-FBC7-4D5D-B44D-B26328D01351}"
EndProject
Global
	GlobalSection(SolutionConfigurationPlatforms) = preSolution
		Debug|Any CPU = Debug|Any CPU
		Release|Any CPU = Release|Any CPU
	EndGlobalSection
	GlobalSection(ProjectConfigurationPlatforms) = postSolution
		{58C4B5CF-FBC7-4D5D-B44D-B26328D01351}.Debug|Any CPU.ActiveCfg = Debug|Any CPU
		{58C4B5CF-FBC7-4D5D-B44D-B26328D01351}.Debug|Any CPU.Build.0 = Debug|Any CPU
		{58C4B5CF-FBC7-4D5D-B44D-B26328D01351}.Release|Any CPU.ActiveCfg = Release|Any CPU
		{58C4B5CF-FBC7-4D5D-B44D-B26328D01351}.Release|Any CPU.Build.0 = Release|Any CPU
	EndGlobalSection
	GlobalSection(SolutionProperties) = preSolution
		HideSolutionNode = FALSE
	EndGlobalSection
	GlobalSection(ExtensibilityGlobals) = postSolution
		SolutionGuid = {32D93FB4-16F7-4227-B103-E03EA4CCD75F}
	EndGlobalSection
EndGlobal
